// !$*UTF8*$!
{
	archiveVersion = 1;
	classes = {
	};
	objectVersion = 50;
	objects = {

/* Begin PBXBuildFile section */
		4271810722DA24C8006F4AA4 /* AppDelegate.swift in Sources */ = {isa = PBXBuildFile; fileRef = 4271810622DA24C8006F4AA4 /* AppDelegate.swift */; };
		4271810C22DA24C8006F4AA4 /* Main.storyboard in Resources */ = {isa = PBXBuildFile; fileRef = 4271810A22DA24C8006F4AA4 /* Main.storyboard */; };
		4271810E22DA24CC006F4AA4 /* Assets.xcassets in Resources */ = {isa = PBXBuildFile; fileRef = 4271810D22DA24CC006F4AA4 /* Assets.xcassets */; };
		4271811122DA24CC006F4AA4 /* LaunchScreen.storyboard in Resources */ = {isa = PBXBuildFile; fileRef = 4271810F22DA24CC006F4AA4 /* LaunchScreen.storyboard */; };
		4271811C22DA24CC006F4AA4 /* TableVieeListTests.swift in Sources */ = {isa = PBXBuildFile; fileRef = 4271811B22DA24CC006F4AA4 /* TableVieeListTests.swift */; };
		4271812722DA24CC006F4AA4 /* TableVieeListUITests.swift in Sources */ = {isa = PBXBuildFile; fileRef = 4271812622DA24CC006F4AA4 /* TableVieeListUITests.swift */; };
		4271813522DA2528006F4AA4 /* TableViewController.swift in Sources */ = {isa = PBXBuildFile; fileRef = 4271813422DA2528006F4AA4 /* TableViewController.swift */; };
		4271813722DB8DCF006F4AA4 /* ShowData.swift in Sources */ = {isa = PBXBuildFile; fileRef = 4271813622DB8DCF006F4AA4 /* ShowData.swift */; };
		428DDE4322E0BA5B00C90F6D /* CustomTableViewCell.swift in Sources */ = {isa = PBXBuildFile; fileRef = 428DDE4222E0BA5B00C90F6D /* CustomTableViewCell.swift */; };
/* End PBXBuildFile section */

/* Begin PBXContainerItemProxy section */
		4271811822DA24CC006F4AA4 /* PBXContainerItemProxy */ = {
			isa = PBXContainerItemProxy;
			containerPortal = 427180FB22DA24C8006F4AA4 /* Project object */;
			proxyType = 1;
			remoteGlobalIDString = 4271810222DA24C8006F4AA4;
			remoteInfo = TableVieeList;
		};
		4271812322DA24CC006F4AA4 /* PBXContainerItemProxy */ = {
			isa = PBXContainerItemProxy;
			containerPortal = 427180FB22DA24C8006F4AA4 /* Project object */;
			proxyType = 1;
			remoteGlobalIDString = 4271810222DA24C8006F4AA4;
			remoteInfo = TableVieeList;
		};
/* End PBXContainerItemProxy section */

/* Begin PBXFileReference section */
		4271810322DA24C8006F4AA4 /* TableVieeList.app */ = {isa = PBXFileReference; explicitFileType = wrapper.application; includeInIndex = 0; path = TableVieeList.app; sourceTree = BUILT_PRODUCTS_DIR; };
		4271810622DA24C8006F4AA4 /* AppDelegate.swift */ = {isa = PBXFileReference; lastKnownFileType = sourcecode.swift; path = AppDelegate.swift; sourceTree = "<group>"; };
		4271810B22DA24C8006F4AA4 /* Base */ = {isa = PBXFileReference; lastKnownFileType = file.storyboard; name = Base; path = Base.lproj/Main.storyboard; sourceTree = "<group>"; };
		4271810D22DA24CC006F4AA4 /* Assets.xcassets */ = {isa = PBXFileReference; lastKnownFileType = folder.assetcatalog; path = Assets.xcassets; sourceTree = "<group>"; };
		4271811022DA24CC006F4AA4 /* Base */ = {isa = PBXFileReference; lastKnownFileType = file.storyboard; name = Base; path = Base.lproj/LaunchScreen.storyboard; sourceTree = "<group>"; };
		4271811222DA24CC006F4AA4 /* Info.plist */ = {isa = PBXFileReference; lastKnownFileType = text.plist.xml; path = Info.plist; sourceTree = "<group>"; };
		4271811722DA24CC006F4AA4 /* TableVieeListTests.xctest */ = {isa = PBXFileReference; explicitFileType = wrapper.cfbundle; includeInIndex = 0; path = TableVieeListTests.xctest; sourceTree = BUILT_PRODUCTS_DIR; };
		4271811B22DA24CC006F4AA4 /* TableVieeListTests.swift */ = {isa = PBXFileReference; lastKnownFileType = sourcecode.swift; path = TableVieeListTests.swift; sourceTree = "<group>"; };
		4271811D22DA24CC006F4AA4 /* Info.plist */ = {isa = PBXFileReference; lastKnownFileType = text.plist.xml; path = Info.plist; sourceTree = "<group>"; };
		4271812222DA24CC006F4AA4 /* TableVieeListUITests.xctest */ = {isa = PBXFileReference; explicitFileType = wrapper.cfbundle; includeInIndex = 0; path = TableVieeListUITests.xctest; sourceTree = BUILT_PRODUCTS_DIR; };
		4271812622DA24CC006F4AA4 /* TableVieeListUITests.swift */ = {isa = PBXFileReference; lastKnownFileType = sourcecode.swift; path = TableVieeListUITests.swift; sourceTree = "<group>"; };
		4271812822DA24CC006F4AA4 /* Info.plist */ = {isa = PBXFileReference; lastKnownFileType = text.plist.xml; path = Info.plist; sourceTree = "<group>"; };
		4271813422DA2528006F4AA4 /* TableViewController.swift */ = {isa = PBXFileReference; lastKnownFileType = sourcecode.swift; path = TableViewController.swift; sourceTree = "<group>"; };
		4271813622DB8DCF006F4AA4 /* ShowData.swift */ = {isa = PBXFileReference; lastKnownFileType = sourcecode.swift; path = ShowData.swift; sourceTree = "<group>"; };
		428DDE4222E0BA5B00C90F6D /* CustomTableViewCell.swift */ = {isa = PBXFileReference; lastKnownFileType = sourcecode.swift; path = CustomTableViewCell.swift; sourceTree = "<group>"; };
/* End PBXFileReference section */

/* Begin PBXFrameworksBuildPhase section */
		4271810022DA24C8006F4AA4 /* Frameworks */ = {
			isa = PBXFrameworksBuildPhase;
			buildActionMask = 2147483647;
			files = (
			);
			runOnlyForDeploymentPostprocessing = 0;
		};
		4271811422DA24CC006F4AA4 /* Frameworks */ = {
			isa = PBXFrameworksBuildPhase;
			buildActionMask = 2147483647;
			files = (
			);
			runOnlyForDeploymentPostprocessing = 0;
		};
		4271811F22DA24CC006F4AA4 /* Frameworks */ = {
			isa = PBXFrameworksBuildPhase;
			buildActionMask = 2147483647;
			files = (
			);
			runOnlyForDeploymentPostprocessing = 0;
		};
/* End PBXFrameworksBuildPhase section */

/* Begin PBXGroup section */
		427180FA22DA24C8006F4AA4 = {
			isa = PBXGroup;
			children = (
				4271810522DA24C8006F4AA4 /* TableVieeList */,
				4271811A22DA24CC006F4AA4 /* TableVieeListTests */,
				4271812522DA24CC006F4AA4 /* TableVieeListUITests */,
				4271810422DA24C8006F4AA4 /* Products */,
			);
			sourceTree = "<group>";
		};
		4271810422DA24C8006F4AA4 /* Products */ = {
			isa = PBXGroup;
			children = (
				4271810322DA24C8006F4AA4 /* TableVieeList.app */,
				4271811722DA24CC006F4AA4 /* TableVieeListTests.xctest */,
				4271812222DA24CC006F4AA4 /* TableVieeListUITests.xctest */,
			);
			name = Products;
			sourceTree = "<group>";
		};
		4271810522DA24C8006F4AA4 /* TableVieeList */ = {
			isa = PBXGroup;
			children = (
				4271810622DA24C8006F4AA4 /* AppDelegate.swift */,
				4271810A22DA24C8006F4AA4 /* Main.storyboard */,
				4271810D22DA24CC006F4AA4 /* Assets.xcassets */,
				4271810F22DA24CC006F4AA4 /* LaunchScreen.storyboard */,
				4271811222DA24CC006F4AA4 /* Info.plist */,
				4271813422DA2528006F4AA4 /* TableViewController.swift */,
				4271813622DB8DCF006F4AA4 /* ShowData.swift */,
				428DDE4222E0BA5B00C90F6D /* CustomTableViewCell.swift */,
			);
			path = TableVieeList;
			sourceTree = "<group>";
		};
		4271811A22DA24CC006F4AA4 /* TableVieeListTests */ = {
			isa = PBXGroup;
			children = (
				4271811B22DA24CC006F4AA4 /* TableVieeListTests.swift */,
				4271811D22DA24CC006F4AA4 /* Info.plist */,
			);
			path = TableVieeListTests;
			sourceTree = "<group>";
		};
		4271812522DA24CC006F4AA4 /* TableVieeListUITests */ = {
			isa = PBXGroup;
			children = (
				4271812622DA24CC006F4AA4 /* TableVieeListUITests.swift */,
				4271812822DA24CC006F4AA4 /* Info.plist */,
			);
			path = TableVieeListUITests;
			sourceTree = "<group>";
		};
/* End PBXGroup section */

/* Begin PBXNativeTarget section */
		4271810222DA24C8006F4AA4 /* TableVieeList */ = {
			isa = PBXNativeTarget;
			buildConfigurationList = 4271812B22DA24CC006F4AA4 /* Build configuration list for PBXNativeTarget "TableVieeList" */;
			buildPhases = (
				427180FF22DA24C8006F4AA4 /* Sources */,
				4271810022DA24C8006F4AA4 /* Frameworks */,
				4271810122DA24C8006F4AA4 /* Resources */,
			);
			buildRules = (
			);
			dependencies = (
			);
			name = TableVieeList;
			productName = TableVieeList;
			productReference = 4271810322DA24C8006F4AA4 /* TableVieeList.app */;
			productType = "com.apple.product-type.application";
		};
		4271811622DA24CC006F4AA4 /* TableVieeListTests */ = {
			isa = PBXNativeTarget;
			buildConfigurationList = 4271812E22DA24CC006F4AA4 /* Build configuration list for PBXNativeTarget "TableVieeListTests" */;
			buildPhases = (
				4271811322DA24CC006F4AA4 /* Sources */,
				4271811422DA24CC006F4AA4 /* Frameworks */,
				4271811522DA24CC006F4AA4 /* Resources */,
			);
			buildRules = (
			);
			dependencies = (
				4271811922DA24CC006F4AA4 /* PBXTargetDependency */,
			);
			name = TableVieeListTests;
			productName = TableVieeListTests;
			productReference = 4271811722DA24CC006F4AA4 /* TableVieeListTests.xctest */;
			productType = "com.apple.product-type.bundle.unit-test";
		};
		4271812122DA24CC006F4AA4 /* TableVieeListUITests */ = {
			isa = PBXNativeTarget;
			buildConfigurationList = 4271813122DA24CC006F4AA4 /* Build configuration list for PBXNativeTarget "TableVieeListUITests" */;
			buildPhases = (
				4271811E22DA24CC006F4AA4 /* Sources */,
				4271811F22DA24CC006F4AA4 /* Frameworks */,
				4271812022DA24CC006F4AA4 /* Resources */,
			);
			buildRules = (
			);
			dependencies = (
				4271812422DA24CC006F4AA4 /* PBXTargetDependency */,
			);
			name = TableVieeListUITests;
			productName = TableVieeListUITests;
			productReference = 4271812222DA24CC006F4AA4 /* TableVieeListUITests.xctest */;
			productType = "com.apple.product-type.bundle.ui-testing";
		};
/* End PBXNativeTarget section */

/* Begin PBXProject section */
		427180FB22DA24C8006F4AA4 /* Project object */ = {
			isa = PBXProject;
			attributes = {
				LastSwiftUpdateCheck = 1020;
				LastUpgradeCheck = 1020;
				ORGANIZATIONNAME = "Всеволод Андрющенко";
				TargetAttributes = {
					4271810222DA24C8006F4AA4 = {
						CreatedOnToolsVersion = 10.2.1;
					};
					4271811622DA24CC006F4AA4 = {
						CreatedOnToolsVersion = 10.2.1;
						TestTargetID = 4271810222DA24C8006F4AA4;
					};
					4271812122DA24CC006F4AA4 = {
						CreatedOnToolsVersion = 10.2.1;
						TestTargetID = 4271810222DA24C8006F4AA4;
					};
				};
			};
			buildConfigurationList = 427180FE22DA24C8006F4AA4 /* Build configuration list for PBXProject "TableVieeList" */;
			compatibilityVersion = "Xcode 9.3";
			developmentRegion = en;
			hasScannedForEncodings = 0;
			knownRegions = (
				en,
				Base,
			);
			mainGroup = 427180FA22DA24C8006F4AA4;
			productRefGroup = 4271810422DA24C8006F4AA4 /* Products */;
			projectDirPath = "";
			projectRoot = "";
			targets = (
				4271810222DA24C8006F4AA4 /* TableVieeList */,
				4271811622DA24CC006F4AA4 /* TableVieeListTests */,
				4271812122DA24CC006F4AA4 /* TableVieeListUITests */,
			);
		};
/* End PBXProject section */

/* Begin PBXResourcesBuildPhase section */
		4271810122DA24C8006F4AA4 /* Resources */ = {
			isa = PBXResourcesBuildPhase;
			buildActionMask = 2147483647;
			files = (
				4271811122DA24CC006F4AA4 /* LaunchScreen.storyboard in Resources */,
				4271810E22DA24CC006F4AA4 /* Assets.xcassets in Resources */,
				4271810C22DA24C8006F4AA4 /* Main.storyboard in Resources */,
			);
			runOnlyForDeploymentPostprocessing = 0;
		};
		4271811522DA24CC006F4AA4 /* Resources */ = {
			isa = PBXResourcesBuildPhase;
			buildActionMask = 2147483647;
			files = (
			);
			runOnlyForDeploymentPostprocessing = 0;
		};
		4271812022DA24CC006F4AA4 /* Resources */ = {
			isa = PBXResourcesBuildPhase;
			buildActionMask = 2147483647;
			files = (
			);
			runOnlyForDeploymentPostprocessing = 0;
		};
/* End PBXResourcesBuildPhase section */

/* Begin PBXSourcesBuildPhase section */
		427180FF22DA24C8006F4AA4 /* Sources */ = {
			isa = PBXSourcesBuildPhase;
			buildActionMask = 2147483647;
			files = (
				4271813722DB8DCF006F4AA4 /* ShowData.swift in Sources */,
				4271810722DA24C8006F4AA4 /* AppDelegate.swift in Sources */,
				428DDE4322E0BA5B00C90F6D /* CustomTableViewCell.swift in Sources */,
				4271813522DA2528006F4AA4 /* TableViewController.swift in Sources */,
			);
			runOnlyForDeploymentPostprocessing = 0;
		};
		4271811322DA24CC006F4AA4 /* Sources */ = {
			isa = PBXSourcesBuildPhase;
			buildActionMask = 2147483647;
			files = (
				4271811C22DA24CC006F4AA4 /* TableVieeListTests.swift in Sources */,
			);
			runOnlyForDeploymentPostprocessing = 0;
		};
		4271811E22DA24CC006F4AA4 /* Sources */ = {
			isa = PBXSourcesBuildPhase;
			buildActionMask = 2147483647;
			files = (
				4271812722DA24CC006F4AA4 /* TableVieeListUITests.swift in Sources */,
			);
			runOnlyForDeploymentPostprocessing = 0;
		};
/* End PBXSourcesBuildPhase section */

/* Begin PBXTargetDependency section */
		4271811922DA24CC006F4AA4 /* PBXTargetDependency */ = {
			isa = PBXTargetDependency;
			target = 4271810222DA24C8006F4AA4 /* TableVieeList */;
			targetProxy = 4271811822DA24CC006F4AA4 /* PBXContainerItemProxy */;
		};
		4271812422DA24CC006F4AA4 /* PBXTargetDependency */ = {
			isa = PBXTargetDependency;
			target = 4271810222DA24C8006F4AA4 /* TableVieeList */;
			targetProxy = 4271812322DA24CC006F4AA4 /* PBXContainerItemProxy */;
		};
/* End PBXTargetDependency section */

/* Begin PBXVariantGroup section */
		4271810A22DA24C8006F4AA4 /* Main.storyboard */ = {
			isa = PBXVariantGroup;
			children = (
				4271810B22DA24C8006F4AA4 /* Base */,
			);
			name = Main.storyboard;
			sourceTree = "<group>";
		};
		4271810F22DA24CC006F4AA4 /* LaunchScreen.storyboard */ = {
			isa = PBXVariantGroup;
			children = (
				4271811022DA24CC006F4AA4 /* Base */,
			);
			name = LaunchScreen.storyboard;
			sourceTree = "<group>";
		};
/* End PBXVariantGroup section */

/* Begin XCBuildConfiguration section */
		4271812922DA24CC006F4AA4 /* Debug */ = {
			isa = XCBuildConfiguration;
			buildSettings = {
				ALWAYS_SEARCH_USER_PATHS = NO;
				CLANG_ANALYZER_NONNULL = YES;
				CLANG_ANALYZER_NUMBER_OBJECT_CONVERSION = YES_AGGRESSIVE;
				CLANG_CXX_LANGUAGE_STANDARD = "gnu++14";
				CLANG_CXX_LIBRARY = "libc++";
				CLANG_ENABLE_MODULES = YES;
				CLANG_ENABLE_OBJC_ARC = YES;
				CLANG_ENABLE_OBJC_WEAK = YES;
				CLANG_WARN_BLOCK_CAPTURE_AUTORELEASING = YES;
				CLANG_WARN_BOOL_CONVERSION = YES;
				CLANG_WARN_COMMA = YES;
				CLANG_WARN_CONSTANT_CONVERSION = YES;
				CLANG_WARN_DEPRECATED_OBJC_IMPLEMENTATIONS = YES;
				CLANG_WARN_DIRECT_OBJC_ISA_USAGE = YES_ERROR;
				CLANG_WARN_DOCUMENTATION_COMMENTS = YES;
				CLANG_WARN_EMPTY_BODY = YES;
				CLANG_WARN_ENUM_CONVERSION = YES;
				CLANG_WARN_INFINITE_RECURSION = YES;
				CLANG_WARN_INT_CONVERSION = YES;
				CLANG_WARN_NON_LITERAL_NULL_CONVERSION = YES;
				CLANG_WARN_OBJC_IMPLICIT_RETAIN_SELF = YES;
				CLANG_WARN_OBJC_LITERAL_CONVERSION = YES;
				CLANG_WARN_OBJC_ROOT_CLASS = YES_ERROR;
				CLANG_WARN_RANGE_LOOP_ANALYSIS = YES;
				CLANG_WARN_STRICT_PROTOTYPES = YES;
				CLANG_WARN_SUSPICIOUS_MOVE = YES;
				CLANG_WARN_UNGUARDED_AVAILABILITY = YES_AGGRESSIVE;
				CLANG_WARN_UNREACHABLE_CODE = YES;
				CLANG_WARN__DUPLICATE_METHOD_MATCH = YES;
				CODE_SIGN_IDENTITY = "iPhone Developer";
				COPY_PHASE_STRIP = NO;
				DEBUG_INFORMATION_FORMAT = dwarf;
				ENABLE_STRICT_OBJC_MSGSEND = YES;
				ENABLE_TESTABILITY = YES;
				GCC_C_LANGUAGE_STANDARD = gnu11;
				GCC_DYNAMIC_NO_PIC = NO;
				GCC_NO_COMMON_BLOCKS = YES;
				GCC_OPTIMIZATION_LEVEL = 0;
				GCC_PREPROCESSOR_DEFINITIONS = (
					"DEBUG=1",
					"$(inherited)",
				);
				GCC_WARN_64_TO_32_BIT_CONVERSION = YES;
				GCC_WARN_ABOUT_RETURN_TYPE = YES_ERROR;
				GCC_WARN_UNDECLARED_SELECTOR = YES;
				GCC_WARN_UNINITIALIZED_AUTOS = YES_AGGRESSIVE;
				GCC_WARN_UNUSED_FUNCTION = YES;
				GCC_WARN_UNUSED_VARIABLE = YES;
				IPHONEOS_DEPLOYMENT_TARGET = 12.2;
				MTL_ENABLE_DEBUG_INFO = INCLUDE_SOURCE;
				MTL_FAST_MATH = YES;
				ONLY_ACTIVE_ARCH = YES;
				SDKROOT = iphoneos;
				SWIFT_ACTIVE_COMPILATION_CONDITIONS = DEBUG;
				SWIFT_OPTIMIZATION_LEVEL = "-Onone";
			};
			name = Debug;
		};
		4271812A22DA24CC006F4AA4 /* Release */ = {
			isa = XCBuildConfiguration;
			buildSettings = {
				ALWAYS_SEARCH_USER_PATHS = NO;
				CLANG_ANALYZER_NONNULL = YES;
				CLANG_ANALYZER_NUMBER_OBJECT_CONVERSION = YES_AGGRESSIVE;
				CLANG_CXX_LANGUAGE_STANDARD = "gnu++14";
				CLANG_CXX_LIBRARY = "libc++";
				CLANG_ENABLE_MODULES = YES;
				CLANG_ENABLE_OBJC_ARC = YES;
				CLANG_ENABLE_OBJC_WEAK = YES;
				CLANG_WARN_BLOCK_CAPTURE_AUTORELEASING = YES;
				CLANG_WARN_BOOL_CONVERSION = YES;
				CLANG_WARN_COMMA = YES;
				CLANG_WARN_CONSTANT_CONVERSION = YES;
				CLANG_WARN_DEPRECATED_OBJC_IMPLEMENTATIONS = YES;
				CLANG_WARN_DIRECT_OBJC_ISA_USAGE = YES_ERROR;
				CLANG_WARN_DOCUMENTATION_COMMENTS = YES;
				CLANG_WARN_EMPTY_BODY = YES;
				CLANG_WARN_ENUM_CONVERSION = YES;
				CLANG_WARN_INFINITE_RECURSION = YES;
				CLANG_WARN_INT_CONVERSION = YES;
				CLANG_WARN_NON_LITERAL_NULL_CONVERSION = YES;
				CLANG_WARN_OBJC_IMPLICIT_RETAIN_SELF = YES;
				CLANG_WARN_OBJC_LITERAL_CONVERSION = YES;
				CLANG_WARN_OBJC_ROOT_CLASS = YES_ERROR;
				CLANG_WARN_RANGE_LOOP_ANALYSIS = YES;
				CLANG_WARN_STRICT_PROTOTYPES = YES;
				CLANG_WARN_SUSPICIOUS_MOVE = YES;
				CLANG_WARN_UNGUARDED_AVAILABILITY = YES_AGGRESSIVE;
				CLANG_WARN_UNREACHABLE_CODE = YES;
				CLANG_WARN__DUPLICATE_METHOD_MATCH = YES;
				CODE_SIGN_IDENTITY = "iPhone Developer";
				COPY_PHASE_STRIP = NO;
				DEBUG_INFORMATION_FORMAT = "dwarf-with-dsym";
				ENABLE_NS_ASSERTIONS = NO;
				ENABLE_STRICT_OBJC_MSGSEND = YES;
				GCC_C_LANGUAGE_STANDARD = gnu11;
				GCC_NO_COMMON_BLOCKS = YES;
				GCC_WARN_64_TO_32_BIT_CONVERSION = YES;
				GCC_WARN_ABOUT_RETURN_TYPE = YES_ERROR;
				GCC_WARN_UNDECLARED_SELECTOR = YES;
				GCC_WARN_UNINITIALIZED_AUTOS = YES_AGGRESSIVE;
				GCC_WARN_UNUSED_FUNCTION = YES;
				GCC_WARN_UNUSED_VARIABLE = YES;
				IPHONEOS_DEPLOYMENT_TARGET = 12.2;
				MTL_ENABLE_DEBUG_INFO = NO;
				MTL_FAST_MATH = YES;
				SDKROOT = iphoneos;
				SWIFT_COMPILATION_MODE = wholemodule;
				SWIFT_OPTIMIZATION_LEVEL = "-O";
				VALIDATE_PRODUCT = YES;
			};
			name = Release;
		};
		4271812C22DA24CC006F4AA4 /* Debug */ = {
			isa = XCBuildConfiguration;
			buildSettings = {
				ASSETCATALOG_COMPILER_APPICON_NAME = AppIcon;
				CODE_SIGN_STYLE = Automatic;
				DEVELOPMENT_TEAM = ZVKQ6JXF49;
				INFOPLIST_FILE = TableVieeList/Info.plist;
				LD_RUNPATH_SEARCH_PATHS = (
					"$(inherited)",
					"@executable_path/Frameworks",
				);
				PRODUCT_BUNDLE_IDENTIFIER = "-.TableVieeList";
				PRODUCT_NAME = "$(TARGET_NAME)";
				SWIFT_VERSION = 5.0;
				TARGETED_DEVICE_FAMILY = "1,2";
			};
			name = Debug;
		};
		4271812D22DA24CC006F4AA4 /* Release */ = {
			isa = XCBuildConfiguration;
			buildSettings = {
				ASSETCATALOG_COMPILER_APPICON_NAME = AppIcon;
				CODE_SIGN_STYLE = Automatic;
				DEVELOPMENT_TEAM = ZVKQ6JXF49;
				INFOPLIST_FILE = TableVieeList/Info.plist;
				LD_RUNPATH_SEARCH_PATHS = (
					"$(inherited)",
					"@executable_path/Frameworks",
				);
				PRODUCT_BUNDLE_IDENTIFIER = "-.TableVieeList";
				PRODUCT_NAME = "$(TARGET_NAME)";
				SWIFT_VERSION = 5.0;
				TARGETED_DEVICE_FAMILY = "1,2";
			};
			name = Release;
		};
		4271812F22DA24CC006F4AA4 /* Debug */ = {
			isa = XCBuildConfiguration;
			buildSettings = {
				ALWAYS_EMBED_SWIFT_STANDARD_LIBRARIES = YES;
				BUNDLE_LOADER = "$(TEST_HOST)";
				CODE_SIGN_STYLE = Automatic;
				DEVELOPMENT_TEAM = ZVKQ6JXF49;
				INFOPLIST_FILE = TableVieeListTests/Info.plist;
				LD_RUNPATH_SEARCH_PATHS = (
					"$(inherited)",
					"@executable_path/Frameworks",
					"@loader_path/Frameworks",
				);
				PRODUCT_BUNDLE_IDENTIFIER = "-.TableVieeListTests";
				PRODUCT_NAME = "$(TARGET_NAME)";
				SWIFT_VERSION = 5.0;
				TARGETED_DEVICE_FAMILY = "1,2";
				TEST_HOST = "$(BUILT_PRODUCTS_DIR)/TableVieeList.app/TableVieeList";
			};
			name = Debug;
		};
		4271813022DA24CC006F4AA4 /* Release */ = {
			isa = XCBuildConfiguration;
			buildSettings = {
				ALWAYS_EMBED_SWIFT_STANDARD_LIBRARIES = YES;
				BUNDLE_LOADER = "$(TEST_HOST)";
				CODE_SIGN_STYLE = Automatic;
				DEVELOPMENT_TEAM = ZVKQ6JXF49;
				INFOPLIST_FILE = TableVieeListTests/Info.plist;
				LD_RUNPATH_SEARCH_PATHS = (
					"$(inherited)",
					"@executable_path/Frameworks",
					"@loader_path/Frameworks",
				);
				PRODUCT_BUNDLE_IDENTIFIER = "-.TableVieeListTests";
				PRODUCT_NAME = "$(TARGET_NAME)";
				SWIFT_VERSION = 5.0;
				TARGETED_DEVICE_FAMILY = "1,2";
				TEST_HOST = "$(BUILT_PRODUCTS_DIR)/TableVieeList.app/TableVieeList";
			};
			name = Release;
		};
		4271813222DA24CC006F4AA4 /* Debug */ = {
			isa = XCBuildConfiguration;
			buildSettings = {
				ALWAYS_EMBED_SWIFT_STANDARD_LIBRARIES = YES;
				CODE_SIGN_STYLE = Automatic;
				DEVELOPMENT_TEAM = ZVKQ6JXF49;
				INFOPLIST_FILE = TableVieeListUITests/Info.plist;
				LD_RUNPATH_SEARCH_PATHS = (
					"$(inherited)",
					"@executable_path/Frameworks",
					"@loader_path/Frameworks",
				);
				PRODUCT_BUNDLE_IDENTIFIER = "-.TableVieeListUITests";
				PRODUCT_NAME = "$(TARGET_NAME)";
				SWIFT_VERSION = 5.0;
				TARGETED_DEVICE_FAMILY = "1,2";
				TEST_TARGET_NAME = TableVieeList;
			};
			name = Debug;
		};
		4271813322DA24CC006F4AA4 /* Release */ = {
			isa = XCBuildConfiguration;
			buildSettings = {
				ALWAYS_EMBED_SWIFT_STANDARD_LIBRARIES = YES;
				CODE_SIGN_STYLE = Automatic;
				DEVELOPMENT_TEAM = ZVKQ6JXF49;
				INFOPLIST_FILE = TableVieeListUITests/Info.plist;
				LD_RUNPATH_SEARCH_PATHS = (
					"$(inherited)",
					"@executable_path/Frameworks",
					"@loader_path/Frameworks",
				);
				PRODUCT_BUNDLE_IDENTIFIER = "-.TableVieeListUITests";
				PRODUCT_NAME = "$(TARGET_NAME)";
				SWIFT_VERSION = 5.0;
				TARGETED_DEVICE_FAMILY = "1,2";
				TEST_TARGET_NAME = TableVieeList;
			};
			name = Release;
		};
/* End XCBuildConfiguration section */

/* Begin XCConfigurationList section */
		427180FE22DA24C8006F4AA4 /* Build configuration list for PBXProject "TableVieeList" */ = {
			isa = XCConfigurationList;
			buildConfigurations = (
				4271812922DA24CC006F4AA4 /* Debug */,
				4271812A22DA24CC006F4AA4 /* Release */,
			);
			defaultConfigurationIsVisible = 0;
			defaultConfigurationName = Release;
		};
		4271812B22DA24CC006F4AA4 /* Build configuration list for PBXNativeTarget "TableVieeList" */ = {
			isa = XCConfigurationList;
			buildConfigurations = (
				4271812C22DA24CC006F4AA4 /* Debug */,
				4271812D22DA24CC006F4AA4 /* Release */,
			);
			defaultConfigurationIsVisible = 0;
			defaultConfigurationName = Release;
		};
		4271812E22DA24CC006F4AA4 /* Build configuration list for PBXNativeTarget "TableVieeListTests" */ = {
			isa = XCConfigurationList;
			buildConfigurations = (
				4271812F22DA24CC006F4AA4 /* Debug */,
				4271813022DA24CC006F4AA4 /* Release */,
			);
			defaultConfigurationIsVisible = 0;
			defaultConfigurationName = Release;
		};
		4271813122DA24CC006F4AA4 /* Build configuration list for PBXNativeTarget "TableVieeListUITests" */ = {
			isa = XCConfigurationList;
			buildConfigurations = (
				4271813222DA24CC006F4AA4 /* Debug */,
				4271813322DA24CC006F4AA4 /* Release */,
			);
			defaultConfigurationIsVisible = 0;
			defaultConfigurationName = Release;
		};
/* End XCConfigurationList section */
	};
	rootObject = 427180FB22DA24C8006F4AA4 /* Project object */;
}
